
Microsoft Visual Studio Solution File, Format Version 12.00
# Visual Studio 15
VisualStudioVersion = 15.0.26730.15
MinimumVisualStudioVersion = 10.0.40219.1
Project("{8BC9CEB8-8B4A-11D0-8D11-00A0C91BC942}") = "CS350Framework", "CS350Framework\CS350Framework.vcxproj", "{F72956AF-577D-47C1-93BE-1D614BDBEF38}"
EndProject
Project("{8BC9CEB8-8B4A-11D0-8D11-00A0C91BC942}") = "Math", "CS350Framework\Math\Math.vcxproj", "{AF89D0CF-F888-4AA3-941D-2C191C1BF16D}"
EndProject
Global
	GlobalSection(SolutionConfigurationPlatforms) = preSolution
		Debug|x86 = Debug|x86
		Release|x86 = Release|x86
	EndGlobalSection
	GlobalSection(ProjectConfigurationPlatforms) = postSolution
		{F72956AF-577D-47C1-93BE-1D614BDBEF38}.Debug|x86.ActiveCfg = Debug|Win32
		{F72956AF-577D-47C1-93BE-1D614BDBEF38}.Debug|x86.Build.0 = Debug|Win32
		{F72956AF-577D-47C1-93BE-1D614BDBEF38}.Release|x86.ActiveCfg = Release|Win32
		{F72956AF-577D-47C1-93BE-1D614BDBEF38}.Release|x86.Build.0 = Release|Win32
		{AF89D0CF-F888-4AA3-941D-2C191C1BF16D}.Debug|x86.ActiveCfg = Debug|Win32
		{AF89D0CF-F888-4AA3-941D-2C191C1BF16D}.Debug|x86.Build.0 = Debug|Win32
		{AF89D0CF-F888-4AA3-941D-2C191C1BF16D}.Release|x86.ActiveCfg = Release|Win32
		{AF89D0CF-F888-4AA3-941D-2C191C1BF16D}.Release|x86.Build.0 = Release|Win32
	EndGlobalSection
	GlobalSection(SolutionProperties) = preSolution
		HideSolutionNode = FALSE
	EndGlobalSection
	GlobalSection(ExtensibilityGlobals) = postSolution
		SolutionGuid = {003A4E8D-61FE-4804-94D9-0E5A0741FCEF}
	EndGlobalSection
EndGlobal
